
Microsoft Visual Studio Solution File, Format Version 12.00
# Visual Studio Version 17
VisualStudioVersion = 17.5.33530.505
MinimumVisualStudioVersion = 10.0.40219.1
Project("{FAE04EC0-301F-11D3-BF4B-00C04F79EFBC}") = "SecondChallenge", "SecondChallenge.csproj", "{64ED4A32-6390-44DC-95D4-0F0F2177BD05}"
EndProject
Global
	GlobalSection(SolutionConfigurationPlatforms) = preSolution
		Debug|Any CPU = Debug|Any CPU
		Release|Any CPU = Release|Any CPU
	EndGlobalSection
	GlobalSection(ProjectConfigurationPlatforms) = postSolution
		{64ED4A32-6390-44DC-95D4-0F0F2177BD05}.Debug|Any CPU.ActiveCfg = Debug|Any CPU
		{64ED4A32-6390-44DC-95D4-0F0F2177BD05}.Debug|Any CPU.Build.0 = Debug|Any CPU
		{64ED4A32-6390-44DC-95D4-0F0F2177BD05}.Release|Any CPU.ActiveCfg = Release|Any CPU
		{64ED4A32-6390-44DC-95D4-0F0F2177BD05}.Release|Any CPU.Build.0 = Release|Any CPU
	EndGlobalSection
	GlobalSection(SolutionProperties) = preSolution
		HideSolutionNode = FALSE
	EndGlobalSection
	GlobalSection(ExtensibilityGlobals) = postSolution
		SolutionGuid = {244321D7-0E7A-429D-934E-56142C6D40E0}
	EndGlobalSection
EndGlobal
